
Microsoft Visual Studio Solution File, Format Version 12.00
# Visual Studio 15
VisualStudioVersion = 15.0.27004.2010
MinimumVisualStudioVersion = 10.0.40219.1
Project("{FAE04EC0-301F-11D3-BF4B-00C04F79EFBC}") = "Arrays", "Arrays\Arrays.csproj", "{E1FAA746-C19A-459E-B3F2-966E74913731}"
EndProject
Global
	GlobalSection(SolutionConfigurationPlatforms) = preSolution
		Debug|Any CPU = Debug|Any CPU
		Release|Any CPU = Release|Any CPU
	EndGlobalSection
	GlobalSection(ProjectConfigurationPlatforms) = postSolution
		{E1FAA746-C19A-459E-B3F2-966E74913731}.Debug|Any CPU.ActiveCfg = Debug|Any CPU
		{E1FAA746-C19A-459E-B3F2-966E74913731}.Debug|Any CPU.Build.0 = Debug|Any CPU
		{E1FAA746-C19A-459E-B3F2-966E74913731}.Release|Any CPU.ActiveCfg = Release|Any CPU
		{E1FAA746-C19A-459E-B3F2-966E74913731}.Release|Any CPU.Build.0 = Release|Any CPU
	EndGlobalSection
	GlobalSection(SolutionProperties) = preSolution
		HideSolutionNode = FALSE
	EndGlobalSection
	GlobalSection(ExtensibilityGlobals) = postSolution
		SolutionGuid = {0DE54ECF-72E4-4A50-9303-727AC7B77920}
	EndGlobalSection
EndGlobal
