
Microsoft Visual Studio Solution File, Format Version 12.00
# Visual Studio 15
VisualStudioVersion = 15.0.27004.2010
MinimumVisualStudioVersion = 10.0.40219.1
Project("{FAE04EC0-301F-11D3-BF4B-00C04F79EFBC}") = "Classes", "Classes\Classes.csproj", "{BB9723C8-5F42-4F24-811E-3EDE7D0F99D2}"
EndProject
Global
	GlobalSection(SolutionConfigurationPlatforms) = preSolution
		Debug|Any CPU = Debug|Any CPU
		Release|Any CPU = Release|Any CPU
	EndGlobalSection
	GlobalSection(ProjectConfigurationPlatforms) = postSolution
		{BB9723C8-5F42-4F24-811E-3EDE7D0F99D2}.Debug|Any CPU.ActiveCfg = Debug|Any CPU
		{BB9723C8-5F42-4F24-811E-3EDE7D0F99D2}.Debug|Any CPU.Build.0 = Debug|Any CPU
		{BB9723C8-5F42-4F24-811E-3EDE7D0F99D2}.Release|Any CPU.ActiveCfg = Release|Any CPU
		{BB9723C8-5F42-4F24-811E-3EDE7D0F99D2}.Release|Any CPU.Build.0 = Release|Any CPU
	EndGlobalSection
	GlobalSection(SolutionProperties) = preSolution
		HideSolutionNode = FALSE
	EndGlobalSection
	GlobalSection(ExtensibilityGlobals) = postSolution
		SolutionGuid = {665F507C-F7D2-4EC1-A6E6-0F8C7C7BF44E}
	EndGlobalSection
EndGlobal
